
Microsoft Visual Studio Solution File, Format Version 12.00
# Visual Studio Version 17
VisualStudioVersion = 17.7.34031.279
MinimumVisualStudioVersion = 10.0.40219.1
Project("{FAE04EC0-301F-11D3-BF4B-00C04F79EFBC}") = "EcoEmpreendedores", "EcoEmpreendedores\EcoEmpreendedores.csproj", "{7EB2B8AF-F4AB-47D4-8F58-67CA3C4D49D4}"
EndProject
Global
	GlobalSection(SolutionConfigurationPlatforms) = preSolution
		Debug|Any CPU = Debug|Any CPU
		Release|Any CPU = Release|Any CPU
	EndGlobalSection
	GlobalSection(ProjectConfigurationPlatforms) = postSolution
		{7EB2B8AF-F4AB-47D4-8F58-67CA3C4D49D4}.Debug|Any CPU.ActiveCfg = Debug|Any CPU
		{7EB2B8AF-F4AB-47D4-8F58-67CA3C4D49D4}.Debug|Any CPU.Build.0 = Debug|Any CPU
		{7EB2B8AF-F4AB-47D4-8F58-67CA3C4D49D4}.Release|Any CPU.ActiveCfg = Release|Any CPU
		{7EB2B8AF-F4AB-47D4-8F58-67CA3C4D49D4}.Release|Any CPU.Build.0 = Release|Any CPU
	EndGlobalSection
	GlobalSection(SolutionProperties) = preSolution
		HideSolutionNode = FALSE
	EndGlobalSection
	GlobalSection(ExtensibilityGlobals) = postSolution
		SolutionGuid = {45B95C11-D00C-490E-B679-2D7BA91971A2}
	EndGlobalSection
EndGlobal
